
Microsoft Visual Studio Solution File, Format Version 12.00
# Visual Studio Version 17
VisualStudioVersion = 17.0.31903.59
MinimumVisualStudioVersion = 10.0.40219.1
Project("{FAE04EC0-301F-11D3-BF4B-00C04F79EFBC}") = "EcoManage.Domain", "EcoManage.Domain\EcoManage.Domain.csproj", "{DDE19E5D-14BF-4AA1-B733-89972B2F057A}"
EndProject
Project("{FAE04EC0-301F-11D3-BF4B-00C04F79EFBC}") = "EcoManage.Api", "EcoManage.Api\EcoManage.Api.csproj", "{E2AD29E6-33A5-4A97-98F2-93A07F40260B}"
EndProject
Project("{FAE04EC0-301F-11D3-BF4B-00C04F79EFBC}") = "EcoManage.Infra", "EcoManage.Infra\EcoManage.Infra.csproj", "{D205F1B7-2273-425D-B6F1-ED6ECD2E19A7}"
EndProject
Global
	GlobalSection(SolutionConfigurationPlatforms) = preSolution
		Debug|Any CPU = Debug|Any CPU
		Release|Any CPU = Release|Any CPU
	EndGlobalSection
	GlobalSection(SolutionProperties) = preSolution
		HideSolutionNode = FALSE
	EndGlobalSection
	GlobalSection(ProjectConfigurationPlatforms) = postSolution
		{DDE19E5D-14BF-4AA1-B733-89972B2F057A}.Debug|Any CPU.ActiveCfg = Debug|Any CPU
		{DDE19E5D-14BF-4AA1-B733-89972B2F057A}.Debug|Any CPU.Build.0 = Debug|Any CPU
		{DDE19E5D-14BF-4AA1-B733-89972B2F057A}.Release|Any CPU.ActiveCfg = Release|Any CPU
		{DDE19E5D-14BF-4AA1-B733-89972B2F057A}.Release|Any CPU.Build.0 = Release|Any CPU
		{E2AD29E6-33A5-4A97-98F2-93A07F40260B}.Debug|Any CPU.ActiveCfg = Debug|Any CPU
		{E2AD29E6-33A5-4A97-98F2-93A07F40260B}.Debug|Any CPU.Build.0 = Debug|Any CPU
		{E2AD29E6-33A5-4A97-98F2-93A07F40260B}.Release|Any CPU.ActiveCfg = Release|Any CPU
		{E2AD29E6-33A5-4A97-98F2-93A07F40260B}.Release|Any CPU.Build.0 = Release|Any CPU
		{D205F1B7-2273-425D-B6F1-ED6ECD2E19A7}.Debug|Any CPU.ActiveCfg = Debug|Any CPU
		{D205F1B7-2273-425D-B6F1-ED6ECD2E19A7}.Debug|Any CPU.Build.0 = Debug|Any CPU
		{D205F1B7-2273-425D-B6F1-ED6ECD2E19A7}.Release|Any CPU.ActiveCfg = Release|Any CPU
		{D205F1B7-2273-425D-B6F1-ED6ECD2E19A7}.Release|Any CPU.Build.0 = Release|Any CPU
	EndGlobalSection
EndGlobal
