
Microsoft Visual Studio Solution File, Format Version 12.00
# Visual Studio Version 17
VisualStudioVersion = 17.0.31903.59
MinimumVisualStudioVersion = 10.0.40219.1
Project("{2150E333-8FDC-42A3-9474-1A3956D46DE8}") = "Core", "Core", "{8FD24637-098F-422F-807B-6FD8AE54163F}"
EndProject
Project("{FAE04EC0-301F-11D3-BF4B-00C04F79EFBC}") = "EcoManage.Domain", "EcoManage.Domain\EcoManage.Domain.csproj", "{47E89BAB-A992-4E68-8C02-7C927C5AC371}"
EndProject
Project("{2150E333-8FDC-42A3-9474-1A3956D46DE8}") = "Infrastructure", "Infrastructure", "{91420D0B-53C3-4695-A788-F18805AF771B}"
EndProject
Project("{2150E333-8FDC-42A3-9474-1A3956D46DE8}") = "Presentation", "Presentation", "{A28A2A62-5834-4233-9673-32E167418DCE}"
EndProject
Project("{FAE04EC0-301F-11D3-BF4B-00C04F79EFBC}") = "EcoManage.Api", "EcoManage.Api\EcoManage.Api.csproj", "{F6B02E33-0DFB-41B6-AB01-ED80F351AC89}"
EndProject
Project("{FAE04EC0-301F-11D3-BF4B-00C04F79EFBC}") = "EcoManage.Web", "EcoManage.Web\EcoManage.Web.csproj", "{EE71A914-1761-40AE-8CB2-54012F432D5C}"
EndProject
Project("{FAE04EC0-301F-11D3-BF4B-00C04F79EFBC}") = "EcoManage.Desktop", "EcoManage.Desktop\EcoManage.Desktop.csproj", "{FC5E59B1-12A9-47A0-A9C9-7CE90D9C0E06}"
EndProject
Project("{FAE04EC0-301F-11D3-BF4B-00C04F79EFBC}") = "EcoManage.Mobile", "EcoManage.Mobile\EcoManage.Mobile.csproj", "{D015FC1F-4AC2-4DC5-8108-F05B79B2BDB7}"
EndProject
Project("{2150E333-8FDC-42A3-9474-1A3956D46DE8}") = "Tests", "Tests", "{0F093C16-C5F2-4886-AFD1-E96ABEF875D8}"
EndProject
Project("{FAE04EC0-301F-11D3-BF4B-00C04F79EFBC}") = "EcoManage.Tests", "EcoManage.Tests\EcoManage.Tests.csproj", "{9B5FF314-43A2-444B-AC02-8CEBB022C88E}"
EndProject
Project("{FAE04EC0-301F-11D3-BF4B-00C04F79EFBC}") = "EcoManage.Persistence", "EcoManage.Persistence\EcoManage.Persistence.csproj", "{F66AB5C3-8D20-4434-8EB6-1ABB2BED8EBC}"
EndProject
Global
	GlobalSection(SolutionConfigurationPlatforms) = preSolution
		Debug|Any CPU = Debug|Any CPU
		Release|Any CPU = Release|Any CPU
	EndGlobalSection
	GlobalSection(ProjectConfigurationPlatforms) = postSolution
		{3702BA08-5D73-440A-8A0F-5C63D9FD667A}.Debug|Any CPU.ActiveCfg = Debug|Any CPU
		{3702BA08-5D73-440A-8A0F-5C63D9FD667A}.Debug|Any CPU.Build.0 = Debug|Any CPU
		{3702BA08-5D73-440A-8A0F-5C63D9FD667A}.Release|Any CPU.ActiveCfg = Release|Any CPU
		{3702BA08-5D73-440A-8A0F-5C63D9FD667A}.Release|Any CPU.Build.0 = Release|Any CPU
		{8F1854FC-51E9-40E5-8E0A-7F274C609513}.Debug|Any CPU.ActiveCfg = Debug|Any CPU
		{8F1854FC-51E9-40E5-8E0A-7F274C609513}.Debug|Any CPU.Build.0 = Debug|Any CPU
		{8F1854FC-51E9-40E5-8E0A-7F274C609513}.Release|Any CPU.ActiveCfg = Release|Any CPU
		{8F1854FC-51E9-40E5-8E0A-7F274C609513}.Release|Any CPU.Build.0 = Release|Any CPU
		{B2AB21F4-7545-4773-92E8-DA76C8064ED6}.Debug|Any CPU.ActiveCfg = Debug|Any CPU
		{B2AB21F4-7545-4773-92E8-DA76C8064ED6}.Debug|Any CPU.Build.0 = Debug|Any CPU
		{B2AB21F4-7545-4773-92E8-DA76C8064ED6}.Release|Any CPU.ActiveCfg = Release|Any CPU
		{B2AB21F4-7545-4773-92E8-DA76C8064ED6}.Release|Any CPU.Build.0 = Release|Any CPU
		{E45EC3C4-4A28-4447-BD45-0730A53CECCC}.Debug|Any CPU.ActiveCfg = Debug|Any CPU
		{E45EC3C4-4A28-4447-BD45-0730A53CECCC}.Debug|Any CPU.Build.0 = Debug|Any CPU
		{E45EC3C4-4A28-4447-BD45-0730A53CECCC}.Release|Any CPU.ActiveCfg = Release|Any CPU
		{E45EC3C4-4A28-4447-BD45-0730A53CECCC}.Release|Any CPU.Build.0 = Release|Any CPU
		{B83355B8-3C4F-4EB3-B5AD-1584B7ECD935}.Debug|Any CPU.ActiveCfg = Debug|Any CPU
		{B83355B8-3C4F-4EB3-B5AD-1584B7ECD935}.Debug|Any CPU.Build.0 = Debug|Any CPU
		{B83355B8-3C4F-4EB3-B5AD-1584B7ECD935}.Debug|Any CPU.Deploy.0 = Debug|Any CPU
		{B83355B8-3C4F-4EB3-B5AD-1584B7ECD935}.Release|Any CPU.ActiveCfg = Release|Any CPU
		{B83355B8-3C4F-4EB3-B5AD-1584B7ECD935}.Release|Any CPU.Build.0 = Release|Any CPU
		{B83355B8-3C4F-4EB3-B5AD-1584B7ECD935}.Release|Any CPU.Deploy.0 = Release|Any CPU
		{735AF3C4-8FE9-4D76-B0B4-9AAD2A1B1E70}.Debug|Any CPU.ActiveCfg = Debug|Any CPU
		{735AF3C4-8FE9-4D76-B0B4-9AAD2A1B1E70}.Debug|Any CPU.Build.0 = Debug|Any CPU
		{735AF3C4-8FE9-4D76-B0B4-9AAD2A1B1E70}.Release|Any CPU.ActiveCfg = Release|Any CPU
		{735AF3C4-8FE9-4D76-B0B4-9AAD2A1B1E70}.Release|Any CPU.Build.0 = Release|Any CPU
		{47E89BAB-A992-4E68-8C02-7C927C5AC371}.Debug|Any CPU.ActiveCfg = Debug|Any CPU
		{47E89BAB-A992-4E68-8C02-7C927C5AC371}.Debug|Any CPU.Build.0 = Debug|Any CPU
		{47E89BAB-A992-4E68-8C02-7C927C5AC371}.Release|Any CPU.ActiveCfg = Release|Any CPU
		{47E89BAB-A992-4E68-8C02-7C927C5AC371}.Release|Any CPU.Build.0 = Release|Any CPU
		{F6B02E33-0DFB-41B6-AB01-ED80F351AC89}.Debug|Any CPU.ActiveCfg = Debug|Any CPU
		{F6B02E33-0DFB-41B6-AB01-ED80F351AC89}.Debug|Any CPU.Build.0 = Debug|Any CPU
		{F6B02E33-0DFB-41B6-AB01-ED80F351AC89}.Release|Any CPU.ActiveCfg = Release|Any CPU
		{F6B02E33-0DFB-41B6-AB01-ED80F351AC89}.Release|Any CPU.Build.0 = Release|Any CPU
		{EE71A914-1761-40AE-8CB2-54012F432D5C}.Debug|Any CPU.ActiveCfg = Debug|Any CPU
		{EE71A914-1761-40AE-8CB2-54012F432D5C}.Debug|Any CPU.Build.0 = Debug|Any CPU
		{EE71A914-1761-40AE-8CB2-54012F432D5C}.Release|Any CPU.ActiveCfg = Release|Any CPU
		{EE71A914-1761-40AE-8CB2-54012F432D5C}.Release|Any CPU.Build.0 = Release|Any CPU
		{FC5E59B1-12A9-47A0-A9C9-7CE90D9C0E06}.Debug|Any CPU.ActiveCfg = Debug|Any CPU
		{FC5E59B1-12A9-47A0-A9C9-7CE90D9C0E06}.Debug|Any CPU.Build.0 = Debug|Any CPU
		{FC5E59B1-12A9-47A0-A9C9-7CE90D9C0E06}.Release|Any CPU.ActiveCfg = Release|Any CPU
		{FC5E59B1-12A9-47A0-A9C9-7CE90D9C0E06}.Release|Any CPU.Build.0 = Release|Any CPU
		{D015FC1F-4AC2-4DC5-8108-F05B79B2BDB7}.Debug|Any CPU.ActiveCfg = Debug|Any CPU
		{D015FC1F-4AC2-4DC5-8108-F05B79B2BDB7}.Debug|Any CPU.Build.0 = Debug|Any CPU
		{D015FC1F-4AC2-4DC5-8108-F05B79B2BDB7}.Release|Any CPU.ActiveCfg = Release|Any CPU
		{D015FC1F-4AC2-4DC5-8108-F05B79B2BDB7}.Release|Any CPU.Build.0 = Release|Any CPU
		{9B5FF314-43A2-444B-AC02-8CEBB022C88E}.Debug|Any CPU.ActiveCfg = Debug|Any CPU
		{9B5FF314-43A2-444B-AC02-8CEBB022C88E}.Debug|Any CPU.Build.0 = Debug|Any CPU
		{9B5FF314-43A2-444B-AC02-8CEBB022C88E}.Release|Any CPU.ActiveCfg = Release|Any CPU
		{9B5FF314-43A2-444B-AC02-8CEBB022C88E}.Release|Any CPU.Build.0 = Release|Any CPU
		{2E6D1E62-2C7F-4233-9B8A-640EE9C2E7AE}.Debug|Any CPU.ActiveCfg = Debug|Any CPU
		{2E6D1E62-2C7F-4233-9B8A-640EE9C2E7AE}.Debug|Any CPU.Build.0 = Debug|Any CPU
		{2E6D1E62-2C7F-4233-9B8A-640EE9C2E7AE}.Release|Any CPU.ActiveCfg = Release|Any CPU
		{2E6D1E62-2C7F-4233-9B8A-640EE9C2E7AE}.Release|Any CPU.Build.0 = Release|Any CPU
		{F66AB5C3-8D20-4434-8EB6-1ABB2BED8EBC}.Debug|Any CPU.ActiveCfg = Debug|Any CPU
		{F66AB5C3-8D20-4434-8EB6-1ABB2BED8EBC}.Debug|Any CPU.Build.0 = Debug|Any CPU
		{F66AB5C3-8D20-4434-8EB6-1ABB2BED8EBC}.Release|Any CPU.ActiveCfg = Release|Any CPU
		{F66AB5C3-8D20-4434-8EB6-1ABB2BED8EBC}.Release|Any CPU.Build.0 = Release|Any CPU
	EndGlobalSection
	GlobalSection(SolutionProperties) = preSolution
		HideSolutionNode = FALSE
	EndGlobalSection
	GlobalSection(ExtensibilityGlobals) = postSolution
		SolutionGuid = {BE401F8C-31AA-4420-A8BF-4BFFC4212CA9}
	EndGlobalSection
	GlobalSection(NestedProjects) = preSolution
		{47E89BAB-A992-4E68-8C02-7C927C5AC371} = {8FD24637-098F-422F-807B-6FD8AE54163F}
		{F6B02E33-0DFB-41B6-AB01-ED80F351AC89} = {A28A2A62-5834-4233-9673-32E167418DCE}
		{EE71A914-1761-40AE-8CB2-54012F432D5C} = {A28A2A62-5834-4233-9673-32E167418DCE}
		{FC5E59B1-12A9-47A0-A9C9-7CE90D9C0E06} = {A28A2A62-5834-4233-9673-32E167418DCE}
		{D015FC1F-4AC2-4DC5-8108-F05B79B2BDB7} = {A28A2A62-5834-4233-9673-32E167418DCE}
		{9B5FF314-43A2-444B-AC02-8CEBB022C88E} = {0F093C16-C5F2-4886-AFD1-E96ABEF875D8}
		{F66AB5C3-8D20-4434-8EB6-1ABB2BED8EBC} = {91420D0B-53C3-4695-A788-F18805AF771B}
	EndGlobalSection
EndGlobal
