
Microsoft Visual Studio Solution File, Format Version 12.00
# Visual Studio Version 17
VisualStudioVersion = 17.0.31903.59
MinimumVisualStudioVersion = 10.0.40219.1
Project("{9A19103F-16F7-4668-BE54-9A1E7A4F7556}") = "EcoManage.Domain", "EcoManage.Domain\EcoManage.Domain.csproj", "{3702BA08-5D73-440A-8A0F-5C63D9FD667A}"
EndProject
Project("{9A19103F-16F7-4668-BE54-9A1E7A4F7556}") = "EcoManage.Api", "EcoManage.Api\EcoManage.Api.csproj", "{8F1854FC-51E9-40E5-8E0A-7F274C609513}"
EndProject
Project("{9A19103F-16F7-4668-BE54-9A1E7A4F7556}") = "EcoManage.Desktop", "EcoManage.Desktop\EcoManage.Desktop.csproj", "{B2AB21F4-7545-4773-92E8-DA76C8064ED6}"
EndProject
Project("{9A19103F-16F7-4668-BE54-9A1E7A4F7556}") = "EcoManage.Tests", "EcoManage.Tests\EcoManage.Tests.csproj", "{64069E8E-4038-4752-9CB9-0E42E9DBA4BE}"
EndProject
Project("{9A19103F-16F7-4668-BE54-9A1E7A4F7556}") = "EcoManage.Web", "EcoManage.Web\EcoManage.Web.csproj", "{E45EC3C4-4A28-4447-BD45-0730A53CECCC}"
EndProject
Project("{FAE04EC0-301F-11D3-BF4B-00C04F79EFBC}") = "EcoManage.Mobile", "EcoManage.Mobile\EcoManage.Mobile.csproj", "{B83355B8-3C4F-4EB3-B5AD-1584B7ECD935}"
EndProject
Global
	GlobalSection(SolutionConfigurationPlatforms) = preSolution
		Debug|Any CPU = Debug|Any CPU
		Release|Any CPU = Release|Any CPU
	EndGlobalSection
	GlobalSection(ProjectConfigurationPlatforms) = postSolution
		{3702BA08-5D73-440A-8A0F-5C63D9FD667A}.Debug|Any CPU.ActiveCfg = Debug|Any CPU
		{3702BA08-5D73-440A-8A0F-5C63D9FD667A}.Debug|Any CPU.Build.0 = Debug|Any CPU
		{3702BA08-5D73-440A-8A0F-5C63D9FD667A}.Release|Any CPU.ActiveCfg = Release|Any CPU
		{3702BA08-5D73-440A-8A0F-5C63D9FD667A}.Release|Any CPU.Build.0 = Release|Any CPU
		{8F1854FC-51E9-40E5-8E0A-7F274C609513}.Debug|Any CPU.ActiveCfg = Debug|Any CPU
		{8F1854FC-51E9-40E5-8E0A-7F274C609513}.Debug|Any CPU.Build.0 = Debug|Any CPU
		{8F1854FC-51E9-40E5-8E0A-7F274C609513}.Release|Any CPU.ActiveCfg = Release|Any CPU
		{8F1854FC-51E9-40E5-8E0A-7F274C609513}.Release|Any CPU.Build.0 = Release|Any CPU
		{B2AB21F4-7545-4773-92E8-DA76C8064ED6}.Debug|Any CPU.ActiveCfg = Debug|Any CPU
		{B2AB21F4-7545-4773-92E8-DA76C8064ED6}.Debug|Any CPU.Build.0 = Debug|Any CPU
		{B2AB21F4-7545-4773-92E8-DA76C8064ED6}.Release|Any CPU.ActiveCfg = Release|Any CPU
		{B2AB21F4-7545-4773-92E8-DA76C8064ED6}.Release|Any CPU.Build.0 = Release|Any CPU
		{64069E8E-4038-4752-9CB9-0E42E9DBA4BE}.Debug|Any CPU.ActiveCfg = Debug|Any CPU
		{64069E8E-4038-4752-9CB9-0E42E9DBA4BE}.Debug|Any CPU.Build.0 = Debug|Any CPU
		{64069E8E-4038-4752-9CB9-0E42E9DBA4BE}.Release|Any CPU.ActiveCfg = Release|Any CPU
		{64069E8E-4038-4752-9CB9-0E42E9DBA4BE}.Release|Any CPU.Build.0 = Release|Any CPU
		{E45EC3C4-4A28-4447-BD45-0730A53CECCC}.Debug|Any CPU.ActiveCfg = Debug|Any CPU
		{E45EC3C4-4A28-4447-BD45-0730A53CECCC}.Debug|Any CPU.Build.0 = Debug|Any CPU
		{E45EC3C4-4A28-4447-BD45-0730A53CECCC}.Release|Any CPU.ActiveCfg = Release|Any CPU
		{E45EC3C4-4A28-4447-BD45-0730A53CECCC}.Release|Any CPU.Build.0 = Release|Any CPU
		{B83355B8-3C4F-4EB3-B5AD-1584B7ECD935}.Debug|Any CPU.ActiveCfg = Debug|Any CPU
		{B83355B8-3C4F-4EB3-B5AD-1584B7ECD935}.Debug|Any CPU.Build.0 = Debug|Any CPU
		{B83355B8-3C4F-4EB3-B5AD-1584B7ECD935}.Debug|Any CPU.Deploy.0 = Debug|Any CPU
		{B83355B8-3C4F-4EB3-B5AD-1584B7ECD935}.Release|Any CPU.ActiveCfg = Release|Any CPU
		{B83355B8-3C4F-4EB3-B5AD-1584B7ECD935}.Release|Any CPU.Build.0 = Release|Any CPU
		{B83355B8-3C4F-4EB3-B5AD-1584B7ECD935}.Release|Any CPU.Deploy.0 = Release|Any CPU
	EndGlobalSection
	GlobalSection(SolutionProperties) = preSolution
		HideSolutionNode = FALSE
	EndGlobalSection
	GlobalSection(ExtensibilityGlobals) = postSolution
		SolutionGuid = {BE401F8C-31AA-4420-A8BF-4BFFC4212CA9}
	EndGlobalSection
EndGlobal
